
Microsoft Visual Studio Solution File, Format Version 12.00
# Visual Studio 2013
VisualStudioVersion = 12.0.21005.1
MinimumVisualStudioVersion = 10.0.40219.1
Project("{8BC9CEB8-8B4A-11D0-8D11-00A0C91BC942}") = "T1_Open_A_Window", "T1_Open_A_Window\T1_Open_A_Window.vcxproj", "{C65B0F54-2E76-4290-91DE-D89EC4F90490}"
EndProject
Project("{8BC9CEB8-8B4A-11D0-8D11-00A0C91BC942}") = "T2_Hello_Dot", "T2_Hello_Dot\T2_Hello_Dot.vcxproj", "{3E9AFC59-7613-4F76-AEED-3EDA3B66337A}"
EndProject
Project("{8BC9CEB8-8B4A-11D0-8D11-00A0C91BC942}") = "T3_First_Triangle", "T3_First_Triangle\T3_First_Triangle.vcxproj", "{5550B47B-5AC6-4DD4-8ED3-8FC8E7A11D9A}"
EndProject
Global
	GlobalSection(SolutionConfigurationPlatforms) = preSolution
		Debug|Win32 = Debug|Win32
		Release|Win32 = Release|Win32
	EndGlobalSection
	GlobalSection(ProjectConfigurationPlatforms) = postSolution
		{C65B0F54-2E76-4290-91DE-D89EC4F90490}.Debug|Win32.ActiveCfg = Debug|Win32
		{C65B0F54-2E76-4290-91DE-D89EC4F90490}.Debug|Win32.Build.0 = Debug|Win32
		{C65B0F54-2E76-4290-91DE-D89EC4F90490}.Release|Win32.ActiveCfg = Release|Win32
		{C65B0F54-2E76-4290-91DE-D89EC4F90490}.Release|Win32.Build.0 = Release|Win32
		{3E9AFC59-7613-4F76-AEED-3EDA3B66337A}.Debug|Win32.ActiveCfg = Debug|Win32
		{3E9AFC59-7613-4F76-AEED-3EDA3B66337A}.Debug|Win32.Build.0 = Debug|Win32
		{3E9AFC59-7613-4F76-AEED-3EDA3B66337A}.Release|Win32.ActiveCfg = Release|Win32
		{3E9AFC59-7613-4F76-AEED-3EDA3B66337A}.Release|Win32.Build.0 = Release|Win32
		{5550B47B-5AC6-4DD4-8ED3-8FC8E7A11D9A}.Debug|Win32.ActiveCfg = Debug|Win32
		{5550B47B-5AC6-4DD4-8ED3-8FC8E7A11D9A}.Debug|Win32.Build.0 = Debug|Win32
		{5550B47B-5AC6-4DD4-8ED3-8FC8E7A11D9A}.Release|Win32.ActiveCfg = Release|Win32
		{5550B47B-5AC6-4DD4-8ED3-8FC8E7A11D9A}.Release|Win32.Build.0 = Release|Win32
	EndGlobalSection
	GlobalSection(SolutionProperties) = preSolution
		HideSolutionNode = FALSE
	EndGlobalSection
EndGlobal
